
Microsoft Visual Studio Solution File, Format Version 12.00
# Visual Studio 14
VisualStudioVersion = 14.0.25123.0
MinimumVisualStudioVersion = 10.0.40219.1
Project("{888888A0-9F3D-457C-B088-3A5042F75D52}") = "RbcCNN.RbcStackStream", "RbcCNN.RbcStackStream.pyproj", "{619ABB39-1C43-4B63-A558-9938ABDEEEBA}"
EndProject
Project("{888888A0-9F3D-457C-B088-3A5042F75D52}") = "RbcCNN.CellArrayGen", "..\RbcCNN.CellArrayGen\RbcCNN.CellArrayGen.pyproj", "{C5127732-6764-47AF-A684-47092E17FE9C}"
EndProject
Global
	GlobalSection(SolutionConfigurationPlatforms) = preSolution
		Debug|Any CPU = Debug|Any CPU
		Release|Any CPU = Release|Any CPU
	EndGlobalSection
	GlobalSection(ProjectConfigurationPlatforms) = postSolution
		{619ABB39-1C43-4B63-A558-9938ABDEEEBA}.Debug|Any CPU.ActiveCfg = Debug|Any CPU
		{619ABB39-1C43-4B63-A558-9938ABDEEEBA}.Release|Any CPU.ActiveCfg = Release|Any CPU
		{C5127732-6764-47AF-A684-47092E17FE9C}.Debug|Any CPU.ActiveCfg = Debug|Any CPU
		{C5127732-6764-47AF-A684-47092E17FE9C}.Release|Any CPU.ActiveCfg = Release|Any CPU
	EndGlobalSection
	GlobalSection(SolutionProperties) = preSolution
		HideSolutionNode = FALSE
	EndGlobalSection
EndGlobal
